PODS:
  - SQLite.swift (0.11.5):
    - SQLite.swift/standard (= 0.11.5)
  - SQLite.swift/standard (0.11.5)
  - SwiftSocket (2.0.2)
  - SwiftyRSA (1.4.0):
    - SwiftyRSA/ObjC (= 1.4.0)
  - SwiftyRSA/ObjC (1.4.0)

DEPENDENCIES:
  - SQLite.swift (~> 0.11.5)
  - SwiftSocket
  - SwiftyRSA

SPEC REPOS:
  https://github.com/cocoapods/specs.git:
    - SQLite.swift
    - SwiftSocket
    - SwiftyRSA

SPEC CHECKSUMS:
  SQLite.swift: 6e5356850bb1791459f8c16d6ee9195b28714a2e
  SwiftSocket: 6f4c9c63fbc5c1d61188936bb3c599fd546f40ae
  SwiftyRSA: 601e4585fece2c6c50ae93a67c77cc2426e55cb2

PODFILE CHECKSUM: 97e9a730510ceeceac9da3bd5bc87bfdb808244d

COCOAPODS: 1.5.2
