PODS:
  - SQLite.swift (0.11.3):
    - SQLite.swift/standard (= 0.11.3)
  - SQLite.swift/standard (0.11.3)
  - SwiftSocket (2.0.2)
  - SwiftyRSA (1.4.0):
    - SwiftyRSA/ObjC (= 1.4.0)
  - SwiftyRSA/ObjC (1.4.0)

DEPENDENCIES:
  - SQLite.swift (= 0.11.3)
  - SwiftSocket
  - SwiftyRSA

SPEC CHECKSUMS:
  SQLite.swift: 99b36c22084427f0abbeb957556ce1528cf10bb3
  SwiftSocket: 6f4c9c63fbc5c1d61188936bb3c599fd546f40ae
  SwiftyRSA: 601e4585fece2c6c50ae93a67c77cc2426e55cb2

PODFILE CHECKSUM: 3187a9de41399ea5738c8ca518e9229c4690cdb5

COCOAPODS: 1.4.0.rc.1
